
Microsoft Visual Studio Solution File, Format Version 12.00
# Visual Studio Version 17
VisualStudioVersion = 17.5.002.0
MinimumVisualStudioVersion = 10.0.40219.1
Project("{9A19103F-16F7-4668-BE54-9A1E7A4F7556}") = "Jogo de velha", "Jogo de velha.csproj", "{B5C04B3E-772A-4FE1-B3B6-6426D5388807}"
EndProject
Global
	GlobalSection(SolutionConfigurationPlatforms) = preSolution
		Debug|Any CPU = Debug|Any CPU
		Release|Any CPU = Release|Any CPU
	EndGlobalSection
	GlobalSection(ProjectConfigurationPlatforms) = postSolution
		{B5C04B3E-772A-4FE1-B3B6-6426D5388807}.Debug|Any CPU.ActiveCfg = Debug|Any CPU
		{B5C04B3E-772A-4FE1-B3B6-6426D5388807}.Debug|Any CPU.Build.0 = Debug|Any CPU
		{B5C04B3E-772A-4FE1-B3B6-6426D5388807}.Release|Any CPU.ActiveCfg = Release|Any CPU
		{B5C04B3E-772A-4FE1-B3B6-6426D5388807}.Release|Any CPU.Build.0 = Release|Any CPU
	EndGlobalSection
	GlobalSection(SolutionProperties) = preSolution
		HideSolutionNode = FALSE
	EndGlobalSection
	GlobalSection(ExtensibilityGlobals) = postSolution
		SolutionGuid = {F39AFF64-E029-4D63-B0EC-2C274B7D83AA}
	EndGlobalSection
EndGlobal
